// !$*UTF8*$!
{
	archiveVersion = 1;
	classes = {
	};
	objectVersion = 50;
	objects = {

/* Begin PBXBuildFile section */
		555769242680BCC700DA598E /* Extensions.swift in Sources */ = {isa = PBXBuildFile; fileRef = 555769232680BCC700DA598E /* Extensions.swift */; };
		5558FBC7267F63D600E060AA /* ArticleViewModel.swift in Sources */ = {isa = PBXBuildFile; fileRef = 5558FBC6267F63D600E060AA /* ArticleViewModel.swift */; };
		5558FBCA267F674E00E060AA /* ArticleTableViewCell.swift in Sources */ = {isa = PBXBuildFile; fileRef = 5558FBC9267F674E00E060AA /* ArticleTableViewCell.swift */; };
		5573F65E267E40F8003E868F /* AppDelegate.swift in Sources */ = {isa = PBXBuildFile; fileRef = 5573F65D267E40F8003E868F /* AppDelegate.swift */; };
		5573F660267E40F8003E868F /* SceneDelegate.swift in Sources */ = {isa = PBXBuildFile; fileRef = 5573F65F267E40F8003E868F /* SceneDelegate.swift */; };
		5573F667267E40F9003E868F /* Assets.xcassets in Resources */ = {isa = PBXBuildFile; fileRef = 5573F666267E40F9003E868F /* Assets.xcassets */; };
		5573F66A267E40F9003E868F /* LaunchScreen.storyboard in Resources */ = {isa = PBXBuildFile; fileRef = 5573F668267E40F9003E868F /* LaunchScreen.storyboard */; };
		5573F673267E419A003E868F /* NewsListTableViewController.swift in Sources */ = {isa = PBXBuildFile; fileRef = 5573F672267E419A003E868F /* NewsListTableViewController.swift */; };
		5573F676267EA0B6003E868F /* Webservice.swift in Sources */ = {isa = PBXBuildFile; fileRef = 5573F675267EA0B6003E868F /* Webservice.swift */; };
		5573F679267EA3E3003E868F /* Article.swift in Sources */ = {isa = PBXBuildFile; fileRef = 5573F678267EA3E3003E868F /* Article.swift */; };
/* End PBXBuildFile section */

/* Begin PBXFileReference section */
		555769232680BCC700DA598E /* Extensions.swift */ = {isa = PBXFileReference; lastKnownFileType = sourcecode.swift; path = Extensions.swift; sourceTree = "<group>"; };
		5558FBC6267F63D600E060AA /* ArticleViewModel.swift */ = {isa = PBXFileReference; lastKnownFileType = sourcecode.swift; path = ArticleViewModel.swift; sourceTree = "<group>"; };
		5558FBC9267F674E00E060AA /* ArticleTableViewCell.swift */ = {isa = PBXFileReference; lastKnownFileType = sourcecode.swift; path = ArticleTableViewCell.swift; sourceTree = "<group>"; };
		5573F65A267E40F8003E868F /* NewsApp.app */ = {isa = PBXFileReference; explicitFileType = wrapper.application; includeInIndex = 0; path = NewsApp.app; sourceTree = BUILT_PRODUCTS_DIR; };
		5573F65D267E40F8003E868F /* AppDelegate.swift */ = {isa = PBXFileReference; lastKnownFileType = sourcecode.swift; path = AppDelegate.swift; sourceTree = "<group>"; };
		5573F65F267E40F8003E868F /* SceneDelegate.swift */ = {isa = PBXFileReference; lastKnownFileType = sourcecode.swift; path = SceneDelegate.swift; sourceTree = "<group>"; };
		5573F666267E40F9003E868F /* Assets.xcassets */ = {isa = PBXFileReference; lastKnownFileType = folder.assetcatalog; path = Assets.xcassets; sourceTree = "<group>"; };
		5573F669267E40F9003E868F /* Base */ = {isa = PBXFileReference; lastKnownFileType = file.storyboard; name = Base; path = Base.lproj/LaunchScreen.storyboard; sourceTree = "<group>"; };
		5573F66B267E40F9003E868F /* Info.plist */ = {isa = PBXFileReference; lastKnownFileType = text.plist.xml; path = Info.plist; sourceTree = "<group>"; };
		5573F672267E419A003E868F /* NewsListTableViewController.swift */ = {isa = PBXFileReference; lastKnownFileType = sourcecode.swift; path = NewsListTableViewController.swift; sourceTree = "<group>"; };
		5573F675267EA0B6003E868F /* Webservice.swift */ = {isa = PBXFileReference; lastKnownFileType = sourcecode.swift; path = Webservice.swift; sourceTree = "<group>"; };
		5573F678267EA3E3003E868F /* Article.swift */ = {isa = PBXFileReference; lastKnownFileType = sourcecode.swift; path = Article.swift; sourceTree = "<group>"; };
/* End PBXFileReference section */

/* Begin PBXFrameworksBuildPhase section */
		5573F657267E40F8003E868F /* Frameworks */ = {
			isa = PBXFrameworksBuildPhase;
			buildActionMask = 2147483647;
			files = (
			);
			runOnlyForDeploymentPostprocessing = 0;
		};
/* End PBXFrameworksBuildPhase section */

/* Begin PBXGroup section */
		555769222680BBFB00DA598E /* Extensions */ = {
			isa = PBXGroup;
			children = (
				555769232680BCC700DA598E /* Extensions.swift */,
			);
			path = Extensions;
			sourceTree = "<group>";
		};
		5558FBC5267F63BC00E060AA /* ViewModel */ = {
			isa = PBXGroup;
			children = (
				5558FBC6267F63D600E060AA /* ArticleViewModel.swift */,
			);
			path = ViewModel;
			sourceTree = "<group>";
		};
		5558FBC8267F674000E060AA /* Cell */ = {
			isa = PBXGroup;
			children = (
				5558FBC9267F674E00E060AA /* ArticleTableViewCell.swift */,
			);
			path = Cell;
			sourceTree = "<group>";
		};
		5573F651267E40F8003E868F = {
			isa = PBXGroup;
			children = (
				5573F65C267E40F8003E868F /* NewsApp */,
				5573F65B267E40F8003E868F /* Products */,
			);
			sourceTree = "<group>";
		};
		5573F65B267E40F8003E868F /* Products */ = {
			isa = PBXGroup;
			children = (
				5573F65A267E40F8003E868F /* NewsApp.app */,
			);
			name = Products;
			sourceTree = "<group>";
		};
		5573F65C267E40F8003E868F /* NewsApp */ = {
			isa = PBXGroup;
			children = (
				555769222680BBFB00DA598E /* Extensions */,
				5558FBC8267F674000E060AA /* Cell */,
				5558FBC5267F63BC00E060AA /* ViewModel */,
				5573F677267EA38C003E868F /* Model */,
				5573F674267EA0A6003E868F /* Services */,
				5573F671267E4185003E868F /* Controllers */,
				5573F65D267E40F8003E868F /* AppDelegate.swift */,
				5573F65F267E40F8003E868F /* SceneDelegate.swift */,
				5573F666267E40F9003E868F /* Assets.xcassets */,
				5573F668267E40F9003E868F /* LaunchScreen.storyboard */,
				5573F66B267E40F9003E868F /* Info.plist */,
			);
			path = NewsApp;
			sourceTree = "<group>";
		};
		5573F671267E4185003E868F /* Controllers */ = {
			isa = PBXGroup;
			children = (
				5573F672267E419A003E868F /* NewsListTableViewController.swift */,
			);
			path = Controllers;
			sourceTree = "<group>";
		};
		5573F674267EA0A6003E868F /* Services */ = {
			isa = PBXGroup;
			children = (
				5573F675267EA0B6003E868F /* Webservice.swift */,
			);
			path = Services;
			sourceTree = "<group>";
		};
		5573F677267EA38C003E868F /* Model */ = {
			isa = PBXGroup;
			children = (
				5573F678267EA3E3003E868F /* Article.swift */,
			);
			path = Model;
			sourceTree = "<group>";
		};
/* End PBXGroup section */

/* Begin PBXNativeTarget section */
		5573F659267E40F8003E868F /* NewsApp */ = {
			isa = PBXNativeTarget;
			buildConfigurationList = 5573F66E267E40F9003E868F /* Build configuration list for PBXNativeTarget "NewsApp" */;
			buildPhases = (
				5573F656267E40F8003E868F /* Sources */,
				5573F657267E40F8003E868F /* Frameworks */,
				5573F658267E40F8003E868F /* Resources */,
			);
			buildRules = (
			);
			dependencies = (
			);
			name = NewsApp;
			productName = NewsApp;
			productReference = 5573F65A267E40F8003E868F /* NewsApp.app */;
			productType = "com.apple.product-type.application";
		};
/* End PBXNativeTarget section */

/* Begin PBXProject section */
		5573F652267E40F8003E868F /* Project object */ = {
			isa = PBXProject;
			attributes = {
				LastSwiftUpdateCheck = 1250;
				LastUpgradeCheck = 1250;
				TargetAttributes = {
					5573F659267E40F8003E868F = {
						CreatedOnToolsVersion = 12.5;
					};
				};
			};
			buildConfigurationList = 5573F655267E40F8003E868F /* Build configuration list for PBXProject "NewsApp" */;
			compatibilityVersion = "Xcode 9.3";
			developmentRegion = en;
			hasScannedForEncodings = 0;
			knownRegions = (
				en,
				Base,
			);
			mainGroup = 5573F651267E40F8003E868F;
			productRefGroup = 5573F65B267E40F8003E868F /* Products */;
			projectDirPath = "";
			projectRoot = "";
			targets = (
				5573F659267E40F8003E868F /* NewsApp */,
			);
		};
/* End PBXProject section */

/* Begin PBXResourcesBuildPhase section */
		5573F658267E40F8003E868F /* Resources */ = {
			isa = PBXResourcesBuildPhase;
			buildActionMask = 2147483647;
			files = (
				5573F66A267E40F9003E868F /* LaunchScreen.storyboard in Resources */,
				5573F667267E40F9003E868F /* Assets.xcassets in Resources */,
			);
			runOnlyForDeploymentPostprocessing = 0;
		};
/* End PBXResourcesBuildPhase section */

/* Begin PBXSourcesBuildPhase section */
		5573F656267E40F8003E868F /* Sources */ = {
			isa = PBXSourcesBuildPhase;
			buildActionMask = 2147483647;
			files = (
				5573F65E267E40F8003E868F /* AppDelegate.swift in Sources */,
				5573F673267E419A003E868F /* NewsListTableViewController.swift in Sources */,
				5573F676267EA0B6003E868F /* Webservice.swift in Sources */,
				555769242680BCC700DA598E /* Extensions.swift in Sources */,
				5558FBC7267F63D600E060AA /* ArticleViewModel.swift in Sources */,
				5573F660267E40F8003E868F /* SceneDelegate.swift in Sources */,
				5558FBCA267F674E00E060AA /* ArticleTableViewCell.swift in Sources */,
				5573F679267EA3E3003E868F /* Article.swift in Sources */,
			);
			runOnlyForDeploymentPostprocessing = 0;
		};
/* End PBXSourcesBuildPhase section */

/* Begin PBXVariantGroup section */
		5573F668267E40F9003E868F /* LaunchScreen.storyboard */ = {
			isa = PBXVariantGroup;
			children = (
				5573F669267E40F9003E868F /* Base */,
			);
			name = LaunchScreen.storyboard;
			sourceTree = "<group>";
		};
/* End PBXVariantGroup section */

/* Begin XCBuildConfiguration section */
		5573F66C267E40F9003E868F /* Debug */ = {
			isa = XCBuildConfiguration;
			buildSettings = {
				ALWAYS_SEARCH_USER_PATHS = NO;
				CLANG_ANALYZER_NONNULL = YES;
				CLANG_ANALYZER_NUMBER_OBJECT_CONVERSION = YES_AGGRESSIVE;
				CLANG_CXX_LANGUAGE_STANDARD = "gnu++14";
				CLANG_CXX_LIBRARY = "libc++";
				CLANG_ENABLE_MODULES = YES;
				CLANG_ENABLE_OBJC_ARC = YES;
				CLANG_ENABLE_OBJC_WEAK = YES;
				CLANG_WARN_BLOCK_CAPTURE_AUTORELEASING = YES;
				CLANG_WARN_BOOL_CONVERSION = YES;
				CLANG_WARN_COMMA = YES;
				CLANG_WARN_CONSTANT_CONVERSION = YES;
				CLANG_WARN_DEPRECATED_OBJC_IMPLEMENTATIONS = YES;
				CLANG_WARN_DIRECT_OBJC_ISA_USAGE = YES_ERROR;
				CLANG_WARN_DOCUMENTATION_COMMENTS = YES;
				CLANG_WARN_EMPTY_BODY = YES;
				CLANG_WARN_ENUM_CONVERSION = YES;
				CLANG_WARN_INFINITE_RECURSION = YES;
				CLANG_WARN_INT_CONVERSION = YES;
				CLANG_WARN_NON_LITERAL_NULL_CONVERSION = YES;
				CLANG_WARN_OBJC_IMPLICIT_RETAIN_SELF = YES;
				CLANG_WARN_OBJC_LITERAL_CONVERSION = YES;
				CLANG_WARN_OBJC_ROOT_CLASS = YES_ERROR;
				CLANG_WARN_QUOTED_INCLUDE_IN_FRAMEWORK_HEADER = YES;
				CLANG_WARN_RANGE_LOOP_ANALYSIS = YES;
				CLANG_WARN_STRICT_PROTOTYPES = YES;
				CLANG_WARN_SUSPICIOUS_MOVE = YES;
				CLANG_WARN_UNGUARDED_AVAILABILITY = YES_AGGRESSIVE;
				CLANG_WARN_UNREACHABLE_CODE = YES;
				CLANG_WARN__DUPLICATE_METHOD_MATCH = YES;
				COPY_PHASE_STRIP = NO;
				DEBUG_INFORMATION_FORMAT = dwarf;
				ENABLE_STRICT_OBJC_MSGSEND = YES;
				ENABLE_TESTABILITY = YES;
				GCC_C_LANGUAGE_STANDARD = gnu11;
				GCC_DYNAMIC_NO_PIC = NO;
				GCC_NO_COMMON_BLOCKS = YES;
				GCC_OPTIMIZATION_LEVEL = 0;
				GCC_PREPROCESSOR_DEFINITIONS = (
					"DEBUG=1",
					"$(inherited)",
				);
				GCC_WARN_64_TO_32_BIT_CONVERSION = YES;
				GCC_WARN_ABOUT_RETURN_TYPE = YES_ERROR;
				GCC_WARN_UNDECLARED_SELECTOR = YES;
				GCC_WARN_UNINITIALIZED_AUTOS = YES_AGGRESSIVE;
				GCC_WARN_UNUSED_FUNCTION = YES;
				GCC_WARN_UNUSED_VARIABLE = YES;
				IPHONEOS_DEPLOYMENT_TARGET = 14.5;
				MTL_ENABLE_DEBUG_INFO = INCLUDE_SOURCE;
				MTL_FAST_MATH = YES;
				ONLY_ACTIVE_ARCH = YES;
				SDKROOT = iphoneos;
				SWIFT_ACTIVE_COMPILATION_CONDITIONS = DEBUG;
				SWIFT_OPTIMIZATION_LEVEL = "-Onone";
			};
			name = Debug;
		};
		5573F66D267E40F9003E868F /* Release */ = {
			isa = XCBuildConfiguration;
			buildSettings = {
				ALWAYS_SEARCH_USER_PATHS = NO;
				CLANG_ANALYZER_NONNULL = YES;
				CLANG_ANALYZER_NUMBER_OBJECT_CONVERSION = YES_AGGRESSIVE;
				CLANG_CXX_LANGUAGE_STANDARD = "gnu++14";
				CLANG_CXX_LIBRARY = "libc++";
				CLANG_ENABLE_MODULES = YES;
				CLANG_ENABLE_OBJC_ARC = YES;
				CLANG_ENABLE_OBJC_WEAK = YES;
				CLANG_WARN_BLOCK_CAPTURE_AUTORELEASING = YES;
				CLANG_WARN_BOOL_CONVERSION = YES;
				CLANG_WARN_COMMA = YES;
				CLANG_WARN_CONSTANT_CONVERSION = YES;
				CLANG_WARN_DEPRECATED_OBJC_IMPLEMENTATIONS = YES;
				CLANG_WARN_DIRECT_OBJC_ISA_USAGE = YES_ERROR;
				CLANG_WARN_DOCUMENTATION_COMMENTS = YES;
				CLANG_WARN_EMPTY_BODY = YES;
				CLANG_WARN_ENUM_CONVERSION = YES;
				CLANG_WARN_INFINITE_RECURSION = YES;
				CLANG_WARN_INT_CONVERSION = YES;
				CLANG_WARN_NON_LITERAL_NULL_CONVERSION = YES;
				CLANG_WARN_OBJC_IMPLICIT_RETAIN_SELF = YES;
				CLANG_WARN_OBJC_LITERAL_CONVERSION = YES;
				CLANG_WARN_OBJC_ROOT_CLASS = YES_ERROR;
				CLANG_WARN_QUOTED_INCLUDE_IN_FRAMEWORK_HEADER = YES;
				CLANG_WARN_RANGE_LOOP_ANALYSIS = YES;
				CLANG_WARN_STRICT_PROTOTYPES = YES;
				CLANG_WARN_SUSPICIOUS_MOVE = YES;
				CLANG_WARN_UNGUARDED_AVAILABILITY = YES_AGGRESSIVE;
				CLANG_WARN_UNREACHABLE_CODE = YES;
				CLANG_WARN__DUPLICATE_METHOD_MATCH = YES;
				COPY_PHASE_STRIP = NO;
				DEBUG_INFORMATION_FORMAT = "dwarf-with-dsym";
				ENABLE_NS_ASSERTIONS = NO;
				ENABLE_STRICT_OBJC_MSGSEND = YES;
				GCC_C_LANGUAGE_STANDARD = gnu11;
				GCC_NO_COMMON_BLOCKS = YES;
				GCC_WARN_64_TO_32_BIT_CONVERSION = YES;
				GCC_WARN_ABOUT_RETURN_TYPE = YES_ERROR;
				GCC_WARN_UNDECLARED_SELECTOR = YES;
				GCC_WARN_UNINITIALIZED_AUTOS = YES_AGGRESSIVE;
				GCC_WARN_UNUSED_FUNCTION = YES;
				GCC_WARN_UNUSED_VARIABLE = YES;
				IPHONEOS_DEPLOYMENT_TARGET = 14.5;
				MTL_ENABLE_DEBUG_INFO = NO;
				MTL_FAST_MATH = YES;
				SDKROOT = iphoneos;
				SWIFT_COMPILATION_MODE = wholemodule;
				SWIFT_OPTIMIZATION_LEVEL = "-O";
				VALIDATE_PRODUCT = YES;
			};
			name = Release;
		};
		5573F66F267E40F9003E868F /* Debug */ = {
			isa = XCBuildConfiguration;
			buildSettings = {
				ASSETCATALOG_COMPILER_APPICON_NAME = AppIcon;
				ASSETCATALOG_COMPILER_GLOBAL_ACCENT_COLOR_NAME = AccentColor;
				CODE_SIGN_STYLE = Automatic;
				INFOPLIST_FILE = NewsApp/Info.plist;
				LD_RUNPATH_SEARCH_PATHS = (
					"$(inherited)",
					"@executable_path/Frameworks",
				);
				PRODUCT_BUNDLE_IDENTIFIER = Guelec.NewsApp;
				PRODUCT_NAME = "$(TARGET_NAME)";
				SWIFT_VERSION = 5.0;
				TARGETED_DEVICE_FAMILY = "1,2";
			};
			name = Debug;
		};
		5573F670267E40F9003E868F /* Release */ = {
			isa = XCBuildConfiguration;
			buildSettings = {
				ASSETCATALOG_COMPILER_APPICON_NAME = AppIcon;
				ASSETCATALOG_COMPILER_GLOBAL_ACCENT_COLOR_NAME = AccentColor;
				CODE_SIGN_STYLE = Automatic;
				INFOPLIST_FILE = NewsApp/Info.plist;
				LD_RUNPATH_SEARCH_PATHS = (
					"$(inherited)",
					"@executable_path/Frameworks",
				);
				PRODUCT_BUNDLE_IDENTIFIER = Guelec.NewsApp;
				PRODUCT_NAME = "$(TARGET_NAME)";
				SWIFT_VERSION = 5.0;
				TARGETED_DEVICE_FAMILY = "1,2";
			};
			name = Release;
		};
/* End XCBuildConfiguration section */

/* Begin XCConfigurationList section */
		5573F655267E40F8003E868F /* Build configuration list for PBXProject "NewsApp" */ = {
			isa = XCConfigurationList;
			buildConfigurations = (
				5573F66C267E40F9003E868F /* Debug */,
				5573F66D267E40F9003E868F /* Release */,
			);
			defaultConfigurationIsVisible = 0;
			defaultConfigurationName = Release;
		};
		5573F66E267E40F9003E868F /* Build configuration list for PBXNativeTarget "NewsApp" */ = {
			isa = XCConfigurationList;
			buildConfigurations = (
				5573F66F267E40F9003E868F /* Debug */,
				5573F670267E40F9003E868F /* Release */,
			);
			defaultConfigurationIsVisible = 0;
			defaultConfigurationName = Release;
		};
/* End XCConfigurationList section */
	};
	rootObject = 5573F652267E40F8003E868F /* Project object */;
}
